Microsoft Visual Studio Solution File, Format Version 12.00
# Visual Studio Version 17
VisualStudioVersion = 17.5.2.0
MinimumVisualStudioVersion = 10.0.40219.1
Project("{FAE04EC0-301F-11D3-BF4B-00C04F79EFBC}") = "tl1-tp6-2025-Lau02x", "tl1-tp6-2025-Lau02x.csproj", "{521FCAB3-C18F-504F-DF86-D3F10AAC2C0D}"
EndProject
Global
	GlobalSection(SolutionConfigurationPlatforms) = preSolution
		Debug|Any CPU = Debug|Any CPU
		Release|Any CPU = Release|Any CPU
	EndGlobalSection
	GlobalSection(ProjectConfigurationPlatforms) = postSolution
		{521FCAB3-C18F-504F-DF86-D3F10AAC2C0D}.Debug|Any CPU.ActiveCfg = Debug|Any CPU
		{521FCAB3-C18F-504F-DF86-D3F10AAC2C0D}.Debug|Any CPU.Build.0 = Debug|Any CPU
		{521FCAB3-C18F-504F-DF86-D3F10AAC2C0D}.Release|Any CPU.ActiveCfg = Release|Any CPU
		{521FCAB3-C18F-504F-DF86-D3F10AAC2C0D}.Release|Any CPU.Build.0 = Release|Any CPU
	EndGlobalSection
	GlobalSection(SolutionProperties) = preSolution
		HideSolutionNode = FALSE
	EndGlobalSection
	GlobalSection(ExtensibilityGlobals) = postSolution
		SolutionGuid = {7FDFCA82-A5B9-4BBD-95CF-9342DDBC6B34}
	EndGlobalSection
EndGlobal
